
Microsoft Visual Studio Solution File, Format Version 12.00
# Visual Studio 2013
VisualStudioVersion = 12.0.21005.1
MinimumVisualStudioVersion = 10.0.40219.1
Project("{8BC9CEB8-8B4A-11D0-8D11-00A0C91BC942}") = "Project_self_game_1", "Project_self_game_1\Project_self_game_1.vcxproj", "{4EAEBB7E-EB59-405C-9D1C-2057A6B649FC}"
EndProject
Global
	GlobalSection(SolutionConfigurationPlatforms) = preSolution
		Debug|Win32 = Debug|Win32
		Release|Win32 = Release|Win32
	EndGlobalSection
	GlobalSection(ProjectConfigurationPlatforms) = postSolution
		{4EAEBB7E-EB59-405C-9D1C-2057A6B649FC}.Debug|Win32.ActiveCfg = Debug|Win32
		{4EAEBB7E-EB59-405C-9D1C-2057A6B649FC}.Debug|Win32.Build.0 = Debug|Win32
		{4EAEBB7E-EB59-405C-9D1C-2057A6B649FC}.Release|Win32.ActiveCfg = Release|Win32
		{4EAEBB7E-EB59-405C-9D1C-2057A6B649FC}.Release|Win32.Build.0 = Release|Win32
	EndGlobalSection
	GlobalSection(SolutionProperties) = preSolution
		HideSolutionNode = FALSE
	EndGlobalSection
EndGlobal
